
Microsoft Visual Studio Solution File, Format Version 12.00
# Visual Studio Version 17
VisualStudioVersion = 17.0.32014.148
MinimumVisualStudioVersion = 10.0.40219.1
Project("{FAE04EC0-301F-11D3-BF4B-00C04F79EFBC}") = "MemberManager", "MemberManager\MemberManager.csproj", "{31916E34-F98F-48F4-9429-BA95DC0CC061}"
EndProject
Global
	GlobalSection(SolutionConfigurationPlatforms) = preSolution
		Debug|Any CPU = Debug|Any CPU
		Release|Any CPU = Release|Any CPU
	EndGlobalSection
	GlobalSection(ProjectConfigurationPlatforms) = postSolution
		{31916E34-F98F-48F4-9429-BA95DC0CC061}.Debug|Any CPU.ActiveCfg = Debug|Any CPU
		{31916E34-F98F-48F4-9429-BA95DC0CC061}.Debug|Any CPU.Build.0 = Debug|Any CPU
		{31916E34-F98F-48F4-9429-BA95DC0CC061}.Release|Any CPU.ActiveCfg = Release|Any CPU
		{31916E34-F98F-48F4-9429-BA95DC0CC061}.Release|Any CPU.Build.0 = Release|Any CPU
	EndGlobalSection
	GlobalSection(SolutionProperties) = preSolution
		HideSolutionNode = FALSE
	EndGlobalSection
	GlobalSection(ExtensibilityGlobals) = postSolution
		SolutionGuid = {0CD1FE86-1106-465F-9323-7469F38E59BA}
	EndGlobalSection
EndGlobal
